<?xml version="1.0" encoding="utf-8"?>
<Project ToolsVersion="4.0" xmlns="http://schemas.microsoft.com/developer/msbuild/2003">
  <ItemGroup>
    <Filter Include="Header Files">
      <UniqueIdentifier>{93995380-89BD-4b04-88EB-625FBE52EBFB}</UniqueIdentifier>
      <Extensions>h;hpp;hxx;hm;inl;inc;xsd</Extensions>
    </Filter>
    <Filter Include="table">
      <UniqueIdentifier>{67DA6AB6-F800-4c08-8B7A-83BB121AAD01}</UniqueIdentifier>
      <Extensions>rc;ico;cur;bmp;dlg;rc2;rct;bin;rgs;gif;jpg;jpeg;jpe;resx;tiff;tif;png;wav;mfcribbon-ms</Extensions>
    </Filter>
    <Filter Include="leveldb">
      <UniqueIdentifier>{4FC737F1-C7A5-4376-A066-2A32D752A2FF}</UniqueIdentifier>
      <Extensions>cpp;c;cc;cxx;def;odl;idl;hpj;bat;asm;asmx</Extensions>
    </Filter>
    <Filter Include="util">
      <UniqueIdentifier>{7fa49ad3-7e4a-4c70-9363-2173ce13b2a8}</UniqueIdentifier>
    </Filter>
    <Filter Include="port">
      <UniqueIdentifier>{e2806b46-13af-4e8e-816f-4fd948bee340}</UniqueIdentifier>
    </Filter>
  </ItemGroup>
  <ItemGroup>
    <ClInclude Include="slice.h">
      <Filter>util</Filter>
    </ClInclude>
    <ClInclude Include="cache.h">
      <Filter>util</Filter>
    </ClInclude>
    <ClInclude Include="atomic_pointer.h">
      <Filter>port</Filter>
    </ClInclude>
    <ClInclude Include="port_posix.h">
      <Filter>port</Filter>
    </ClInclude>
    <ClInclude Include="thread_annatations.h">
      <Filter>port</Filter>
    </ClInclude>
    <ClInclude Include="port.h">
      <Filter>port</Filter>
    </ClInclude>
    <ClInclude Include="mutexlock.h">
      <Filter>util</Filter>
    </ClInclude>
    <ClInclude Include="hash.h">
      <Filter>util</Filter>
    </ClInclude>
    <ClInclude Include="coding.h">
      <Filter>util</Filter>
    </ClInclude>
    <ClInclude Include="crc32c.h">
      <Filter>util</Filter>
    </ClInclude>
    <ClInclude Include="posix_logger.h">
      <Filter>util</Filter>
    </ClInclude>
    <ClInclude Include="env.h">
      <Filter>util</Filter>
    </ClInclude>
    <ClInclude Include="status.h">
      <Filter>util</Filter>
    </ClInclude>
    <ClInclude Include="filter_policy.h">
      <Filter>util</Filter>
    </ClInclude>
    <ClInclude Include="random.h">
      <Filter>util</Filter>
    </ClInclude>
    <ClInclude Include="logging.h">
      <Filter>util</Filter>
    </ClInclude>
    <ClInclude Include="arena.h">
      <Filter>util</Filter>
    </ClInclude>
    <ClInclude Include="comparator.h">
      <Filter>util</Filter>
    </ClInclude>
    <ClInclude Include="histogram.h">
      <Filter>util</Filter>
    </ClInclude>
    <ClInclude Include="block.h">
      <Filter>table</Filter>
    </ClInclude>
    <ClInclude Include="iterator.h">
      <Filter>table</Filter>
    </ClInclude>
    <ClInclude Include="format.h">
      <Filter>table</Filter>
    </ClInclude>
    <ClInclude Include="options.h">
      <Filter>util</Filter>
    </ClInclude>
    <ClInclude Include="iterator_wrapper.h">
      <Filter>table</Filter>
    </ClInclude>
    <ClInclude Include="filter_block.h">
      <Filter>table</Filter>
    </ClInclude>
    <ClInclude Include="block_builder.h">
      <Filter>table</Filter>
    </ClInclude>
    <ClInclude Include="merger.h">
      <Filter>table</Filter>
    </ClInclude>
    <ClInclude Include="two_level_iterator.h">
      <Filter>table</Filter>
    </ClInclude>
    <ClInclude Include="table_builder.h">
      <Filter>table</Filter>
    </ClInclude>
    <ClInclude Include="table.h">
      <Filter>table</Filter>
    </ClInclude>
    <ClInclude Include="log_format.h">
      <Filter>leveldb</Filter>
    </ClInclude>
    <ClInclude Include="log_write.h">
      <Filter>leveldb</Filter>
    </ClInclude>
    <ClInclude Include="log_reader.h">
      <Filter>leveldb</Filter>
    </ClInclude>
    <ClInclude Include="skiplist.h">
      <Filter>leveldb</Filter>
    </ClInclude>
    <ClInclude Include="snapshot.h">
      <Filter>leveldb</Filter>
    </ClInclude>
    <ClInclude Include="memtable.h">
      <Filter>leveldb</Filter>
    </ClInclude>
    <ClInclude Include="dbformat.h">
      <Filter>leveldb</Filter>
    </ClInclude>
  </ItemGroup>
  <ItemGroup>
    <ClCompile Include="cache.cc">
      <Filter>util</Filter>
    </ClCompile>
    <ClCompile Include="port_posix.cc">
      <Filter>port</Filter>
    </ClCompile>
    <ClCompile Include="hash.cc">
      <Filter>util</Filter>
    </ClCompile>
    <ClCompile Include="coding.cc">
      <Filter>util</Filter>
    </ClCompile>
    <ClCompile Include="crc32c.cc">
      <Filter>util</Filter>
    </ClCompile>
    <ClCompile Include="status.cc">
      <Filter>util</Filter>
    </ClCompile>
    <ClCompile Include="env.cc">
      <Filter>util</Filter>
    </ClCompile>
    <ClCompile Include="env_posix.cc">
      <Filter>util</Filter>
    </ClCompile>
    <ClCompile Include="bloom.cc">
      <Filter>util</Filter>
    </ClCompile>
    <ClCompile Include="logging.cc">
      <Filter>util</Filter>
    </ClCompile>
    <ClCompile Include="arena.cc">
      <Filter>util</Filter>
    </ClCompile>
    <ClCompile Include="comparator.cc">
      <Filter>util</Filter>
    </ClCompile>
    <ClCompile Include="histogram.cc">
      <Filter>util</Filter>
    </ClCompile>
    <ClCompile Include="iterator.cc">
      <Filter>table</Filter>
    </ClCompile>
    <ClCompile Include="block.cc">
      <Filter>table</Filter>
    </ClCompile>
    <ClCompile Include="format.cc">
      <Filter>table</Filter>
    </ClCompile>
    <ClCompile Include="option.cc">
      <Filter>util</Filter>
    </ClCompile>
    <ClCompile Include="filter_block.cc">
      <Filter>table</Filter>
    </ClCompile>
    <ClCompile Include="block_builder.cc">
      <Filter>table</Filter>
    </ClCompile>
    <ClCompile Include="merger.cc">
      <Filter>table</Filter>
    </ClCompile>
    <ClCompile Include="two_level_iterator.cc">
      <Filter>table</Filter>
    </ClCompile>
    <ClCompile Include="table_builder.cc">
      <Filter>table</Filter>
    </ClCompile>
    <ClCompile Include="table.cc">
      <Filter>table</Filter>
    </ClCompile>
    <ClCompile Include="log_write.cc">
      <Filter>leveldb</Filter>
    </ClCompile>
    <ClCompile Include="log_reader.cc">
      <Filter>leveldb</Filter>
    </ClCompile>
    <ClCompile Include="dbformat.cc">
      <Filter>leveldb</Filter>
    </ClCompile>
  </ItemGroup>
</Project>